
Microsoft Visual Studio Solution File, Format Version 12.00
# Visual Studio Version 16
VisualStudioVersion = 16.0.30114.105
MinimumVisualStudioVersion = 10.0.40219.1
Project("{FAE04EC0-301F-11D3-BF4B-00C04F79EFBC}") = "R5T.T0043", "R5T.T0043\R5T.T0043.csproj", "{B4F74007-B671-4B1A-8E3F-258EC0BD089A}"
EndProject
Project("{FAE04EC0-301F-11D3-BF4B-00C04F79EFBC}") = "R5T.T0043.Construction", "R5T.T0043.Construction\R5T.T0043.Construction.csproj", "{1A5AE72B-4C46-4352-B576-C9A56142981F}"
EndProject
Project("{FAE04EC0-301F-11D3-BF4B-00C04F79EFBC}") = "R5T.T0043.T001", "R5T.T0043.T001\R5T.T0043.T001.csproj", "{07DE5624-7CD3-4E6B-A672-9C89946EFC63}"
EndProject
Project("{FAE04EC0-301F-11D3-BF4B-00C04F79EFBC}") = "R5T.T0043.T002", "R5T.T0043.T002\R5T.T0043.T002.csproj", "{8AE052C5-D230-45BB-9832-C77E95030271}"
EndProject
Project("{FAE04EC0-301F-11D3-BF4B-00C04F79EFBC}") = "R5T.T0043.T002.X001", "R5T.T0043.T002.X001\R5T.T0043.T002.X001.csproj", "{BEF8D799-79C8-41EA-AEDE-A870C4FCB1AB}"
EndProject
Project("{FAE04EC0-301F-11D3-BF4B-00C04F79EFBC}") = "R5T.T0043.T002.X002", "R5T.T0043.T002.X002\R5T.T0043.T002.X002.csproj", "{0E26E5AB-600B-4C4C-8A99-43CBEB513B21}"
EndProject
Project("{FAE04EC0-301F-11D3-BF4B-00C04F79EFBC}") = "R5T.T0043.T002.X003", "R5T.T0043.T002.X003\R5T.T0043.T002.X003.csproj", "{848D16F9-074E-4833-B2EC-21747B49B06B}"
EndProject
Global
	GlobalSection(SolutionConfigurationPlatforms) = preSolution
		Debug|Any CPU = Debug|Any CPU
		Debug|x64 = Debug|x64
		Debug|x86 = Debug|x86
		Release|Any CPU = Release|Any CPU
		Release|x64 = Release|x64
		Release|x86 = Release|x86
	EndGlobalSection
	GlobalSection(SolutionProperties) = preSolution
		HideSolutionNode = FALSE
	EndGlobalSection
	GlobalSection(ProjectConfigurationPlatforms) = postSolution
		{B4F74007-B671-4B1A-8E3F-258EC0BD089A}.Debug|Any CPU.ActiveCfg = Debug|Any CPU
		{B4F74007-B671-4B1A-8E3F-258EC0BD089A}.Debug|Any CPU.Build.0 = Debug|Any CPU
		{B4F74007-B671-4B1A-8E3F-258EC0BD089A}.Debug|x64.ActiveCfg = Debug|Any CPU
		{B4F74007-B671-4B1A-8E3F-258EC0BD089A}.Debug|x64.Build.0 = Debug|Any CPU
		{B4F74007-B671-4B1A-8E3F-258EC0BD089A}.Debug|x86.ActiveCfg = Debug|Any CPU
		{B4F74007-B671-4B1A-8E3F-258EC0BD089A}.Debug|x86.Build.0 = Debug|Any CPU
		{B4F74007-B671-4B1A-8E3F-258EC0BD089A}.Release|Any CPU.ActiveCfg = Release|Any CPU
		{B4F74007-B671-4B1A-8E3F-258EC0BD089A}.Release|Any CPU.Build.0 = Release|Any CPU
		{B4F74007-B671-4B1A-8E3F-258EC0BD089A}.Release|x64.ActiveCfg = Release|Any CPU
		{B4F74007-B671-4B1A-8E3F-258EC0BD089A}.Release|x64.Build.0 = Release|Any CPU
		{B4F74007-B671-4B1A-8E3F-258EC0BD089A}.Release|x86.ActiveCfg = Release|Any CPU
		{B4F74007-B671-4B1A-8E3F-258EC0BD089A}.Release|x86.Build.0 = Release|Any CPU
		{1A5AE72B-4C46-4352-B576-C9A56142981F}.Debug|Any CPU.ActiveCfg = Debug|Any CPU
		{1A5AE72B-4C46-4352-B576-C9A56142981F}.Debug|Any CPU.Build.0 = Debug|Any CPU
		{1A5AE72B-4C46-4352-B576-C9A56142981F}.Debug|x64.ActiveCfg = Debug|Any CPU
		{1A5AE72B-4C46-4352-B576-C9A56142981F}.Debug|x64.Build.0 = Debug|Any CPU
		{1A5AE72B-4C46-4352-B576-C9A56142981F}.Debug|x86.ActiveCfg = Debug|Any CPU
		{1A5AE72B-4C46-4352-B576-C9A56142981F}.Debug|x86.Build.0 = Debug|Any CPU
		{1A5AE72B-4C46-4352-B576-C9A56142981F}.Release|Any CPU.ActiveCfg = Release|Any CPU
		{1A5AE72B-4C46-4352-B576-C9A56142981F}.Release|Any CPU.Build.0 = Release|Any CPU
		{1A5AE72B-4C46-4352-B576-C9A56142981F}.Release|x64.ActiveCfg = Release|Any CPU
		{1A5AE72B-4C46-4352-B576-C9A56142981F}.Release|x64.Build.0 = Release|Any CPU
		{1A5AE72B-4C46-4352-B576-C9A56142981F}.Release|x86.ActiveCfg = Release|Any CPU
		{1A5AE72B-4C46-4352-B576-C9A56142981F}.Release|x86.Build.0 = Release|Any CPU
		{07DE5624-7CD3-4E6B-A672-9C89946EFC63}.Debug|Any CPU.ActiveCfg = Debug|Any CPU
		{07DE5624-7CD3-4E6B-A672-9C89946EFC63}.Debug|Any CPU.Build.0 = Debug|Any CPU
		{07DE5624-7CD3-4E6B-A672-9C89946EFC63}.Debug|x64.ActiveCfg = Debug|Any CPU
		{07DE5624-7CD3-4E6B-A672-9C89946EFC63}.Debug|x64.Build.0 = Debug|Any CPU
		{07DE5624-7CD3-4E6B-A672-9C89946EFC63}.Debug|x86.ActiveCfg = Debug|Any CPU
		{07DE5624-7CD3-4E6B-A672-9C89946EFC63}.Debug|x86.Build.0 = Debug|Any CPU
		{07DE5624-7CD3-4E6B-A672-9C89946EFC63}.Release|Any CPU.ActiveCfg = Release|Any CPU
		{07DE5624-7CD3-4E6B-A672-9C89946EFC63}.Release|Any CPU.Build.0 = Release|Any CPU
		{07DE5624-7CD3-4E6B-A672-9C89946EFC63}.Release|x64.ActiveCfg = Release|Any CPU
		{07DE5624-7CD3-4E6B-A672-9C89946EFC63}.Release|x64.Build.0 = Release|Any CPU
		{07DE5624-7CD3-4E6B-A672-9C89946EFC63}.Release|x86.ActiveCfg = Release|Any CPU
		{07DE5624-7CD3-4E6B-A672-9C89946EFC63}.Release|x86.Build.0 = Release|Any CPU
		{8AE052C5-D230-45BB-9832-C77E95030271}.Debug|Any CPU.ActiveCfg = Debug|Any CPU
		{8AE052C5-D230-45BB-9832-C77E95030271}.Debug|Any CPU.Build.0 = Debug|Any CPU
		{8AE052C5-D230-45BB-9832-C77E95030271}.Debug|x64.ActiveCfg = Debug|Any CPU
		{8AE052C5-D230-45BB-9832-C77E95030271}.Debug|x64.Build.0 = Debug|Any CPU
		{8AE052C5-D230-45BB-9832-C77E95030271}.Debug|x86.ActiveCfg = Debug|Any CPU
		{8AE052C5-D230-45BB-9832-C77E95030271}.Debug|x86.Build.0 = Debug|Any CPU
		{8AE052C5-D230-45BB-9832-C77E95030271}.Release|Any CPU.ActiveCfg = Release|Any CPU
		{8AE052C5-D230-45BB-9832-C77E95030271}.Release|Any CPU.Build.0 = Release|Any CPU
		{8AE052C5-D230-45BB-9832-C77E95030271}.Release|x64.ActiveCfg = Release|Any CPU
		{8AE052C5-D230-45BB-9832-C77E95030271}.Release|x64.Build.0 = Release|Any CPU
		{8AE052C5-D230-45BB-9832-C77E95030271}.Release|x86.ActiveCfg = Release|Any CPU
		{8AE052C5-D230-45BB-9832-C77E95030271}.Release|x86.Build.0 = Release|Any CPU
		{BEF8D799-79C8-41EA-AEDE-A870C4FCB1AB}.Debug|Any CPU.ActiveCfg = Debug|Any CPU
		{BEF8D799-79C8-41EA-AEDE-A870C4FCB1AB}.Debug|Any CPU.Build.0 = Debug|Any CPU
		{BEF8D799-79C8-41EA-AEDE-A870C4FCB1AB}.Debug|x64.ActiveCfg = Debug|Any CPU
		{BEF8D799-79C8-41EA-AEDE-A870C4FCB1AB}.Debug|x64.Build.0 = Debug|Any CPU
		{BEF8D799-79C8-41EA-AEDE-A870C4FCB1AB}.Debug|x86.ActiveCfg = Debug|Any CPU
		{BEF8D799-79C8-41EA-AEDE-A870C4FCB1AB}.Debug|x86.Build.0 = Debug|Any CPU
		{BEF8D799-79C8-41EA-AEDE-A870C4FCB1AB}.Release|Any CPU.ActiveCfg = Release|Any CPU
		{BEF8D799-79C8-41EA-AEDE-A870C4FCB1AB}.Release|Any CPU.Build.0 = Release|Any CPU
		{BEF8D799-79C8-41EA-AEDE-A870C4FCB1AB}.Release|x64.ActiveCfg = Release|Any CPU
		{BEF8D799-79C8-41EA-AEDE-A870C4FCB1AB}.Release|x64.Build.0 = Release|Any CPU
		{BEF8D799-79C8-41EA-AEDE-A870C4FCB1AB}.Release|x86.ActiveCfg = Release|Any CPU
		{BEF8D799-79C8-41EA-AEDE-A870C4FCB1AB}.Release|x86.Build.0 = Release|Any CPU
		{0E26E5AB-600B-4C4C-8A99-43CBEB513B21}.Debug|Any CPU.ActiveCfg = Debug|Any CPU
		{0E26E5AB-600B-4C4C-8A99-43CBEB513B21}.Debug|Any CPU.Build.0 = Debug|Any CPU
		{0E26E5AB-600B-4C4C-8A99-43CBEB513B21}.Debug|x64.ActiveCfg = Debug|Any CPU
		{0E26E5AB-600B-4C4C-8A99-43CBEB513B21}.Debug|x64.Build.0 = Debug|Any CPU
		{0E26E5AB-600B-4C4C-8A99-43CBEB513B21}.Debug|x86.ActiveCfg = Debug|Any CPU
		{0E26E5AB-600B-4C4C-8A99-43CBEB513B21}.Debug|x86.Build.0 = Debug|Any CPU
		{0E26E5AB-600B-4C4C-8A99-43CBEB513B21}.Release|Any CPU.ActiveCfg = Release|Any CPU
		{0E26E5AB-600B-4C4C-8A99-43CBEB513B21}.Release|Any CPU.Build.0 = Release|Any CPU
		{0E26E5AB-600B-4C4C-8A99-43CBEB513B21}.Release|x64.ActiveCfg = Release|Any CPU
		{0E26E5AB-600B-4C4C-8A99-43CBEB513B21}.Release|x64.Build.0 = Release|Any CPU
		{0E26E5AB-600B-4C4C-8A99-43CBEB513B21}.Release|x86.ActiveCfg = Release|Any CPU
		{0E26E5AB-600B-4C4C-8A99-43CBEB513B21}.Release|x86.Build.0 = Release|Any CPU
		{848D16F9-074E-4833-B2EC-21747B49B06B}.Debug|Any CPU.ActiveCfg = Debug|Any CPU
		{848D16F9-074E-4833-B2EC-21747B49B06B}.Debug|Any CPU.Build.0 = Debug|Any CPU
		{848D16F9-074E-4833-B2EC-21747B49B06B}.Debug|x64.ActiveCfg = Debug|Any CPU
		{848D16F9-074E-4833-B2EC-21747B49B06B}.Debug|x64.Build.0 = Debug|Any CPU
		{848D16F9-074E-4833-B2EC-21747B49B06B}.Debug|x86.ActiveCfg = Debug|Any CPU
		{848D16F9-074E-4833-B2EC-21747B49B06B}.Debug|x86.Build.0 = Debug|Any CPU
		{848D16F9-074E-4833-B2EC-21747B49B06B}.Release|Any CPU.ActiveCfg = Release|Any CPU
		{848D16F9-074E-4833-B2EC-21747B49B06B}.Release|Any CPU.Build.0 = Release|Any CPU
		{848D16F9-074E-4833-B2EC-21747B49B06B}.Release|x64.ActiveCfg = Release|Any CPU
		{848D16F9-074E-4833-B2EC-21747B49B06B}.Release|x64.Build.0 = Release|Any CPU
		{848D16F9-074E-4833-B2EC-21747B49B06B}.Release|x86.ActiveCfg = Release|Any CPU
		{848D16F9-074E-4833-B2EC-21747B49B06B}.Release|x86.Build.0 = Release|Any CPU
	EndGlobalSection
EndGlobal
